{
	"name": "inputmanager",
	"version": "1.0.0",
	"lockfileVersion": 1,
	"requires": true,
	"dependencies": {
		"@fimbul/bifrost": {
			"version": "0.9.0",
			"resolved": "https://registry.npmjs.org/@fimbul/bifrost/-/bifrost-0.9.0.tgz",
			"integrity": "sha512-efruzazTrtkipgpC166pSK3fAc+5n55B0wrLbpkO33dO6OJtI0LxP5u89OQV9I3tp6oCOZB2p4+7+CwulVmAkA==",
			"requires": {
				"@fimbul/ymir": "^0.9.0",
				"get-caller-file": "^1.0.2",
				"tslib": "^1.8.1",
				"tsutils": "^2.24.0"
			}
		},
		"@fimbul/ymir": {
			"version": "0.9.0",
			"resolved": "https://registry.npmjs.org/@fimbul/ymir/-/ymir-0.9.0.tgz",
			"integrity": "sha512-IR3wvH2Lae6ab96CKT68Xj/o8Ozpoq8ifRnxlKmhIqHLSnABaVdJ1Mta3DGyI7wElQQsGQUySkEv/eJiL/AxTg==",
			"requires": {
				"inversify": "^4.10.0",
				"reflect-metadata": "^0.1.12",
				"tslib": "^1.8.1"
			}
		},
		"@types/ffi": {
			"version": "0.2.0",
			"resolved": "https://registry.npmjs.org/@types/ffi/-/ffi-0.2.0.tgz",
			"integrity": "sha512-2Evq4ICthly8PBflG2cSgOuezhnFF1akBC3OcYXp+Etai4z6VJmPO/k64wB5BOgOJLjzOb1n7YnskcaNRBSj5g==",
			"requires": {
				"@types/node": "*",
				"@types/ref": "*",
				"@types/ref-struct": "*"
			}
		},
		"@types/node": {
			"version": "10.3.4",
			"resolved": "https://registry.npmjs.org/@types/node/-/node-10.3.4.tgz",
			"integrity": "sha512-YMLlzdeNnAyLrQew39IFRkMacAR5BqKGIEei9ZjdHsIZtv+ZWKYTu1i7QJhetxQ9ReXx8w5f+cixdHZG3zgMQA=="
		},
		"@types/ref": {
			"version": "0.0.28",
			"resolved": "https://registry.npmjs.org/@types/ref/-/ref-0.0.28.tgz",
			"integrity": "sha1-FaYSU+0SWQOLR0md4cmwy8pX9Vw=",
			"requires": {
				"@types/node": "*"
			}
		},
		"@types/ref-struct": {
			"version": "0.0.29",
			"resolved": "https://registry.npmjs.org/@types/ref-struct/-/ref-struct-0.0.29.tgz",
			"integrity": "sha512-ZOiybExNDG++Rjw7qNAlP8Z9TGe4W1S7UvqHbCYzFMc2cVBhTuA29tzAkOrk3bqY0CdzbOvmU7A5X2VOjTpCkw==",
			"requires": {
				"@types/ref": "*"
			}
		},
		"bindings": {
			"version": "1.2.1",
			"resolved": "https://registry.npmjs.org/bindings/-/bindings-1.2.1.tgz",
			"integrity": "sha1-FK1hE4EtLTfXLme0ystLtyZQXxE="
		},
		"debug": {
			"version": "2.6.9",
			"resolved": "https://registry.npmjs.org/debug/-/debug-2.6.9.tgz",
			"integrity": "sha512-bC7ElrdJaJnPbAP+1EotYvqZsb3ecl5wi6Bfi6BJTUcNowp6cvspg0jXznRTKDjm/E7AdgFBVeAPVMNcKGsHMA==",
			"requires": {
				"ms": "2.0.0"
			}
		},
		"doctrine": {
			"version": "0.7.2",
			"resolved": "https://registry.npmjs.org/doctrine/-/doctrine-0.7.2.tgz",
			"integrity": "sha1-fLhgNZujvpDgQLJrcpzkv6ZUxSM=",
			"requires": {
				"esutils": "^1.1.6",
				"isarray": "0.0.1"
			}
		},
		"esutils": {
			"version": "1.1.6",
			"resolved": "https://registry.npmjs.org/esutils/-/esutils-1.1.6.tgz",
			"integrity": "sha1-wBzKqa5LiXxtDD4hCuUvPHqEQ3U="
		},
		"ffi": {
			"version": "2.2.0",
			"resolved": "https://registry.npmjs.org/ffi/-/ffi-2.2.0.tgz",
			"integrity": "sha1-vxiwRmain3EiftVoldVDCvRwQvo=",
			"requires": {
				"bindings": "~1.2.0",
				"debug": "2",
				"nan": "2",
				"ref": "1",
				"ref-struct": "1"
			}
		},
		"get-caller-file": {
			"version": "1.0.2",
			"resolved": "https://registry.npmjs.org/get-caller-file/-/get-caller-file-1.0.2.tgz",
			"integrity": "sha1-9wLmMSfn4jHBYKgMFVSstw1QR+U="
		},
		"inversify": {
			"version": "4.13.0",
			"resolved": "https://registry.npmjs.org/inversify/-/inversify-4.13.0.tgz",
			"integrity": "sha512-O5d8y7gKtyRwrvTLZzYET3kdFjqUy58sGpBYMARF13mzqDobpfBXVOPLH7HmnD2VR6Q+1HzZtslGvsdQfeb0SA=="
		},
		"isarray": {
			"version": "0.0.1",
			"resolved": "https://registry.npmjs.org/isarray/-/isarray-0.0.1.tgz",
			"integrity": "sha1-ihis/Kmo9Bd+Cav8YDiTmwXR7t8="
		},
		"ms": {
			"version": "2.0.0",
			"resolved": "https://registry.npmjs.org/ms/-/ms-2.0.0.tgz",
			"integrity": "sha1-VgiurfwAvmwpAd9fmGF4jeDVl8g="
		},
		"nan": {
			"version": "2.10.0",
			"resolved": "https://registry.npmjs.org/nan/-/nan-2.10.0.tgz",
			"integrity": "sha512-bAdJv7fBLhWC+/Bls0Oza+mvTaNQtP+1RyhhhvD95pgUJz6XM5IzgmxOkItJ9tkoCiplvAnXI1tNmmUD/eScyA=="
		},
		"ref": {
			"version": "1.3.5",
			"resolved": "https://registry.npmjs.org/ref/-/ref-1.3.5.tgz",
			"integrity": "sha512-2cBCniTtxcGUjDpvFfVpw323a83/0RLSGJJY5l5lcomZWhYpU2cuLdsvYqMixvsdLJ9+sTdzEkju8J8ZHDM2nA==",
			"requires": {
				"bindings": "1",
				"debug": "2",
				"nan": "2"
			}
		},
		"ref-struct": {
			"version": "1.1.0",
			"resolved": "https://registry.npmjs.org/ref-struct/-/ref-struct-1.1.0.tgz",
			"integrity": "sha1-XV7mWtQc78Olxf60BYcmHkee3BM=",
			"requires": {
				"debug": "2",
				"ref": "1"
			}
		},
		"reflect-metadata": {
			"version": "0.1.12",
			"resolved": "https://registry.npmjs.org/reflect-metadata/-/reflect-metadata-0.1.12.tgz",
			"integrity": "sha512-n+IyV+nGz3+0q3/Yf1ra12KpCyi001bi4XFxSjbiWWjfqb52iTTtpGXmCCAOWWIAn9KEuFZKGqBERHmrtScZ3A=="
		},
		"tslib": {
			"version": "1.9.3",
			"resolved": "https://registry.npmjs.org/tslib/-/tslib-1.9.3.tgz",
			"integrity": "sha512-4krF8scpejhaOgqzBEcGM7yDIEfi0/8+8zDRZhNZZ2kjmHJ4hv3zCbQWxoJGz1iw5U0Jl0nma13xzHXcncMavQ=="
		},
		"tslint-config-airbnb": {
			"version": "5.9.2",
			"resolved": "https://registry.npmjs.org/tslint-config-airbnb/-/tslint-config-airbnb-5.9.2.tgz",
			"integrity": "sha512-7hT9VoPxT64Xk68+Ak4rhHCaVja6jHFIE6koeHCbZTz1XKUUVX4qZTHUZBLVS/0CmuyDJ1U/8ALyqn+gFxZgbQ==",
			"requires": {
				"tslint-consistent-codestyle": "^1.10.0",
				"tslint-eslint-rules": "^5.3.1",
				"tslint-microsoft-contrib": "~5.0.1"
			}
		},
		"tslint-consistent-codestyle": {
			"version": "1.13.1",
			"resolved": "https://registry.npmjs.org/tslint-consistent-codestyle/-/tslint-consistent-codestyle-1.13.1.tgz",
			"integrity": "sha512-t4BRGtjuejYikhcOrpR8GjaSBrN3lwP9iMlO9vbhA6SCGeJvebfNMLeo7PY2ZhXdwkjdTh0mMWV4zDyLs9FKYg==",
			"requires": {
				"@fimbul/bifrost": "^0.9.0",
				"tslib": "^1.7.1",
				"tsutils": "^2.27.0"
			}
		},
		"tslint-eslint-rules": {
			"version": "5.3.1",
			"resolved": "https://registry.npmjs.org/tslint-eslint-rules/-/tslint-eslint-rules-5.3.1.tgz",
			"integrity": "sha512-qq2H/AU/FlFbQJKXuxhtIk+ni/nQu9jHHhsFKa6hnA0/n3zl1/RWRc3TVFlL8HfWFMzkST350VeTrFpy1u4OUg==",
			"requires": {
				"doctrine": "0.7.2",
				"tslib": "1.9.0",
				"tsutils": "2.8.0"
			},
			"dependencies": {
				"tslib": {
					"version": "1.9.0",
					"resolved": "https://registry.npmjs.org/tslib/-/tslib-1.9.0.tgz",
					"integrity": "sha512-f/qGG2tUkrISBlQZEjEqoZ3B2+npJjIf04H1wuAv9iA8i04Icp+61KRXxFdha22670NJopsZCIjhC3SnjPRKrQ=="
				},
				"tsutils": {
					"version": "2.8.0",
					"resolved": "https://registry.npmjs.org/tsutils/-/tsutils-2.8.0.tgz",
					"integrity": "sha1-AWAXNymzvxOGKN0UoVN+AIUdgUo=",
					"requires": {
						"tslib": "^1.7.1"
					}
				}
			}
		},
		"tslint-microsoft-contrib": {
			"version": "5.0.3",
			"resolved": "https://registry.npmjs.org/tslint-microsoft-contrib/-/tslint-microsoft-contrib-5.0.3.tgz",
			"integrity": "sha512-5AnfTGlfpUzpRHLmoojPBKFTTmbjnwgdaTHMdllausa4GBPya5u36i9ddrTX4PhetGZvd4JUYIpAmgHqVnsctg==",
			"requires": {
				"tsutils": "^2.12.1"
			}
		},
		"tsutils": {
			"version": "2.27.1",
			"resolved": "https://registry.npmjs.org/tsutils/-/tsutils-2.27.1.tgz",
			"integrity": "sha512-AE/7uzp32MmaHvNNFES85hhUDHFdFZp6OAiZcd6y4ZKKIg6orJTm8keYWBhIhrJQH3a4LzNKat7ZPXZt5aTf6w==",
			"requires": {
				"tslib": "^1.8.1"
			}
		}
	}
}
